// !$*UTF8*$!
{
	archiveVersion = 1;
	classes = {
	};
	objectVersion = 56;
	objects = {

/* Begin PBXBuildFile section */
		D91C14482B43F02F00E46D8D /* APIHeaders.swift in Sources */ = {isa = PBXBuildFile; fileRef = D91C14472B43F02F00E46D8D /* APIHeaders.swift */; };
		D91C144A2B440A4700E46D8D /* PosterImageView.swift in Sources */ = {isa = PBXBuildFile; fileRef = D91C14492B440A4700E46D8D /* PosterImageView.swift */; };
		D92DA0DA2B45673100BE144A /* UICollectionView.swift in Sources */ = {isa = PBXBuildFile; fileRef = D92DA0D92B45673100BE144A /* UICollectionView.swift */; };
		D92DA0DD2B457C1D00BE144A /* DetailScreen.swift in Sources */ = {isa = PBXBuildFile; fileRef = D92DA0DC2B457C1D00BE144A /* DetailScreen.swift */; };
		D92DA0E02B4582EB00BE144A /* DetailViewModel.swift in Sources */ = {isa = PBXBuildFile; fileRef = D92DA0DF2B4582EB00BE144A /* DetailViewModel.swift */; };
		D969C4772B3EF77200EAB1C8 /* AppDelegate.swift in Sources */ = {isa = PBXBuildFile; fileRef = D969C4762B3EF77200EAB1C8 /* AppDelegate.swift */; };
		D969C4792B3EF77200EAB1C8 /* SceneDelegate.swift in Sources */ = {isa = PBXBuildFile; fileRef = D969C4782B3EF77200EAB1C8 /* SceneDelegate.swift */; };
		D969C4802B3EF77400EAB1C8 /* Assets.xcassets in Resources */ = {isa = PBXBuildFile; fileRef = D969C47F2B3EF77400EAB1C8 /* Assets.xcassets */; };
		D969C4832B3EF77400EAB1C8 /* LaunchScreen.storyboard in Resources */ = {isa = PBXBuildFile; fileRef = D969C4812B3EF77400EAB1C8 /* LaunchScreen.storyboard */; };
		D969C48E2B3EF77500EAB1C8 /* MVVM_MovieProjectTests.swift in Sources */ = {isa = PBXBuildFile; fileRef = D969C48D2B3EF77500EAB1C8 /* MVVM_MovieProjectTests.swift */; };
		D969C4982B3EF77500EAB1C8 /* MVVM_MovieProjectUITests.swift in Sources */ = {isa = PBXBuildFile; fileRef = D969C4972B3EF77500EAB1C8 /* MVVM_MovieProjectUITests.swift */; };
		D969C49A2B3EF77500EAB1C8 /* MVVM_MovieProjectUITestsLaunchTests.swift in Sources */ = {isa = PBXBuildFile; fileRef = D969C4992B3EF77500EAB1C8 /* MVVM_MovieProjectUITestsLaunchTests.swift */; };
		D969C4AD2B3EFB6E00EAB1C8 /* HomeScreen.swift in Sources */ = {isa = PBXBuildFile; fileRef = D969C4AC2B3EFB6E00EAB1C8 /* HomeScreen.swift */; };
		D969C4AF2B3EFBF300EAB1C8 /* NetworkManager.swift in Sources */ = {isa = PBXBuildFile; fileRef = D969C4AE2B3EFBF300EAB1C8 /* NetworkManager.swift */; };
		D9BC899B2B3FE31B0070B449 /* MovieService.swift in Sources */ = {isa = PBXBuildFile; fileRef = D9BC899A2B3FE31B0070B449 /* MovieService.swift */; };
		D9BC899D2B3FE74F0070B449 /* Movie.swift in Sources */ = {isa = PBXBuildFile; fileRef = D9BC899C2B3FE74F0070B449 /* Movie.swift */; };
		D9BC899F2B4009980070B449 /* APIURLs.swift in Sources */ = {isa = PBXBuildFile; fileRef = D9BC899E2B4009980070B449 /* APIURLs.swift */; };
		D9BC89A12B400B5F0070B449 /* HomeViewModel.swift in Sources */ = {isa = PBXBuildFile; fileRef = D9BC89A02B400B5F0070B449 /* HomeViewModel.swift */; };
		D9BC89A52B401E6C0070B449 /* UIView+Ext.swift in Sources */ = {isa = PBXBuildFile; fileRef = D9BC89A42B401E6C0070B449 /* UIView+Ext.swift */; };
		D9BC89A72B4030F00070B449 /* UIHelper.swift in Sources */ = {isa = PBXBuildFile; fileRef = D9BC89A62B4030F00070B449 /* UIHelper.swift */; };
		D9BC89A92B40345B0070B449 /* CGFloat+Ext.swift in Sources */ = {isa = PBXBuildFile; fileRef = D9BC89A82B40345B0070B449 /* CGFloat+Ext.swift */; };
		D9BC89AB2B4047A40070B449 /* MovieCell.swift in Sources */ = {isa = PBXBuildFile; fileRef = D9BC89AA2B4047A40070B449 /* MovieCell.swift */; };
/* End PBXBuildFile section */

/* Begin PBXContainerItemProxy section */
		D969C48A2B3EF77500EAB1C8 /* PBXContainerItemProxy */ = {
			isa = PBXContainerItemProxy;
			containerPortal = D969C46B2B3EF77200EAB1C8 /* Project object */;
			proxyType = 1;
			remoteGlobalIDString = D969C4722B3EF77200EAB1C8;
			remoteInfo = "MVVM-MovieProject";
		};
		D969C4942B3EF77500EAB1C8 /* PBXContainerItemProxy */ = {
			isa = PBXContainerItemProxy;
			containerPortal = D969C46B2B3EF77200EAB1C8 /* Project object */;
			proxyType = 1;
			remoteGlobalIDString = D969C4722B3EF77200EAB1C8;
			remoteInfo = "MVVM-MovieProject";
		};
/* End PBXContainerItemProxy section */

/* Begin PBXFileReference section */
		D91C14472B43F02F00E46D8D /* APIHeaders.swift */ = {isa = PBXFileReference; lastKnownFileType = sourcecode.swift; path = APIHeaders.swift; sourceTree = "<group>"; };
		D91C14492B440A4700E46D8D /* PosterImageView.swift */ = {isa = PBXFileReference; lastKnownFileType = sourcecode.swift; path = PosterImageView.swift; sourceTree = "<group>"; };
		D92DA0D92B45673100BE144A /* UICollectionView.swift */ = {isa = PBXFileReference; lastKnownFileType = sourcecode.swift; path = UICollectionView.swift; sourceTree = "<group>"; };
		D92DA0DC2B457C1D00BE144A /* DetailScreen.swift */ = {isa = PBXFileReference; lastKnownFileType = sourcecode.swift; path = DetailScreen.swift; sourceTree = "<group>"; };
		D92DA0DF2B4582EB00BE144A /* DetailViewModel.swift */ = {isa = PBXFileReference; lastKnownFileType = sourcecode.swift; path = DetailViewModel.swift; sourceTree = "<group>"; };
		D969C4732B3EF77200EAB1C8 /* MVVM-MovieProject.app */ = {isa = PBXFileReference; explicitFileType = wrapper.application; includeInIndex = 0; path = "MVVM-MovieProject.app"; sourceTree = BUILT_PRODUCTS_DIR; };
		D969C4762B3EF77200EAB1C8 /* AppDelegate.swift */ = {isa = PBXFileReference; lastKnownFileType = sourcecode.swift; path = AppDelegate.swift; sourceTree = "<group>"; };
		D969C4782B3EF77200EAB1C8 /* SceneDelegate.swift */ = {isa = PBXFileReference; lastKnownFileType = sourcecode.swift; path = SceneDelegate.swift; sourceTree = "<group>"; };
		D969C47F2B3EF77400EAB1C8 /* Assets.xcassets */ = {isa = PBXFileReference; lastKnownFileType = folder.assetcatalog; path = Assets.xcassets; sourceTree = "<group>"; };
		D969C4822B3EF77400EAB1C8 /* Base */ = {isa = PBXFileReference; lastKnownFileType = file.storyboard; name = Base; path = Base.lproj/LaunchScreen.storyboard; sourceTree = "<group>"; };
		D969C4842B3EF77400EAB1C8 /* Info.plist */ = {isa = PBXFileReference; lastKnownFileType = text.plist.xml; path = Info.plist; sourceTree = "<group>"; };
		D969C4892B3EF77500EAB1C8 /* MVVM-MovieProjectTests.xctest */ = {isa = PBXFileReference; explicitFileType = wrapper.cfbundle; includeInIndex = 0; path = "MVVM-MovieProjectTests.xctest"; sourceTree = BUILT_PRODUCTS_DIR; };
		D969C48D2B3EF77500EAB1C8 /* MVVM_MovieProjectTests.swift */ = {isa = PBXFileReference; lastKnownFileType = sourcecode.swift; path = MVVM_MovieProjectTests.swift; sourceTree = "<group>"; };
		D969C4932B3EF77500EAB1C8 /* MVVM-MovieProjectUITests.xctest */ = {isa = PBXFileReference; explicitFileType = wrapper.cfbundle; includeInIndex = 0; path = "MVVM-MovieProjectUITests.xctest"; sourceTree = BUILT_PRODUCTS_DIR; };
		D969C4972B3EF77500EAB1C8 /* MVVM_MovieProjectUITests.swift */ = {isa = PBXFileReference; lastKnownFileType = sourcecode.swift; path = MVVM_MovieProjectUITests.swift; sourceTree = "<group>"; };
		D969C4992B3EF77500EAB1C8 /* MVVM_MovieProjectUITestsLaunchTests.swift */ = {isa = PBXFileReference; lastKnownFileType = sourcecode.swift; path = MVVM_MovieProjectUITestsLaunchTests.swift; sourceTree = "<group>"; };
		D969C4AC2B3EFB6E00EAB1C8 /* HomeScreen.swift */ = {isa = PBXFileReference; lastKnownFileType = sourcecode.swift; path = HomeScreen.swift; sourceTree = "<group>"; };
		D969C4AE2B3EFBF300EAB1C8 /* NetworkManager.swift */ = {isa = PBXFileReference; lastKnownFileType = sourcecode.swift; path = NetworkManager.swift; sourceTree = "<group>"; };
		D9BC899A2B3FE31B0070B449 /* MovieService.swift */ = {isa = PBXFileReference; lastKnownFileType = sourcecode.swift; path = MovieService.swift; sourceTree = "<group>"; };
		D9BC899C2B3FE74F0070B449 /* Movie.swift */ = {isa = PBXFileReference; lastKnownFileType = sourcecode.swift; path = Movie.swift; sourceTree = "<group>"; };
		D9BC899E2B4009980070B449 /* APIURLs.swift */ = {isa = PBXFileReference; lastKnownFileType = sourcecode.swift; path = APIURLs.swift; sourceTree = "<group>"; };
		D9BC89A02B400B5F0070B449 /* HomeViewModel.swift */ = {isa = PBXFileReference; lastKnownFileType = sourcecode.swift; path = HomeViewModel.swift; sourceTree = "<group>"; };
		D9BC89A42B401E6C0070B449 /* UIView+Ext.swift */ = {isa = PBXFileReference; lastKnownFileType = sourcecode.swift; path = "UIView+Ext.swift"; sourceTree = "<group>"; };
		D9BC89A62B4030F00070B449 /* UIHelper.swift */ = {isa = PBXFileReference; lastKnownFileType = sourcecode.swift; path = UIHelper.swift; sourceTree = "<group>"; };
		D9BC89A82B40345B0070B449 /* CGFloat+Ext.swift */ = {isa = PBXFileReference; lastKnownFileType = sourcecode.swift; path = "CGFloat+Ext.swift"; sourceTree = "<group>"; };
		D9BC89AA2B4047A40070B449 /* MovieCell.swift */ = {isa = PBXFileReference; lastKnownFileType = sourcecode.swift; path = MovieCell.swift; sourceTree = "<group>"; };
/* End PBXFileReference section */

/* Begin PBXFrameworksBuildPhase section */
		D969C4702B3EF77200EAB1C8 /* Frameworks */ = {
			isa = PBXFrameworksBuildPhase;
			buildActionMask = 2147483647;
			files = (
			);
			runOnlyForDeploymentPostprocessing = 0;
		};
		D969C4862B3EF77500EAB1C8 /* Frameworks */ = {
			isa = PBXFrameworksBuildPhase;
			buildActionMask = 2147483647;
			files = (
			);
			runOnlyForDeploymentPostprocessing = 0;
		};
		D969C4902B3EF77500EAB1C8 /* Frameworks */ = {
			isa = PBXFrameworksBuildPhase;
			buildActionMask = 2147483647;
			files = (
			);
			runOnlyForDeploymentPostprocessing = 0;
		};
/* End PBXFrameworksBuildPhase section */

/* Begin PBXGroup section */
		D92DA0DE2B457C2A00BE144A /* DetailScreen */ = {
			isa = PBXGroup;
			children = (
				D92DA0DC2B457C1D00BE144A /* DetailScreen.swift */,
				D92DA0DF2B4582EB00BE144A /* DetailViewModel.swift */,
			);
			path = DetailScreen;
			sourceTree = "<group>";
		};
		D969C46A2B3EF77200EAB1C8 = {
			isa = PBXGroup;
			children = (
				D969C4752B3EF77200EAB1C8 /* MVVM-MovieProject */,
				D969C48C2B3EF77500EAB1C8 /* MVVM-MovieProjectTests */,
				D969C4962B3EF77500EAB1C8 /* MVVM-MovieProjectUITests */,
				D969C4742B3EF77200EAB1C8 /* Products */,
			);
			sourceTree = "<group>";
		};
		D969C4742B3EF77200EAB1C8 /* Products */ = {
			isa = PBXGroup;
			children = (
				D969C4732B3EF77200EAB1C8 /* MVVM-MovieProject.app */,
				D969C4892B3EF77500EAB1C8 /* MVVM-MovieProjectTests.xctest */,
				D969C4932B3EF77500EAB1C8 /* MVVM-MovieProjectUITests.xctest */,
			);
			name = Products;
			sourceTree = "<group>";
		};
		D969C4752B3EF77200EAB1C8 /* MVVM-MovieProject */ = {
			isa = PBXGroup;
			children = (
				D969C4A62B3EFAB200EAB1C8 /* Utilities */,
				D969C4A72B3EFAC200EAB1C8 /* Services */,
				D9BC89A22B401E020070B449 /* Extensions */,
				D969C4A82B3EFAD400EAB1C8 /* Models */,
				D969C4A92B3EFADE00EAB1C8 /* Core */,
				D969C4762B3EF77200EAB1C8 /* AppDelegate.swift */,
				D969C4782B3EF77200EAB1C8 /* SceneDelegate.swift */,
				D969C47F2B3EF77400EAB1C8 /* Assets.xcassets */,
				D969C4812B3EF77400EAB1C8 /* LaunchScreen.storyboard */,
				D969C4842B3EF77400EAB1C8 /* Info.plist */,
			);
			path = "MVVM-MovieProject";
			sourceTree = "<group>";
		};
		D969C48C2B3EF77500EAB1C8 /* MVVM-MovieProjectTests */ = {
			isa = PBXGroup;
			children = (
				D969C48D2B3EF77500EAB1C8 /* MVVM_MovieProjectTests.swift */,
			);
			path = "MVVM-MovieProjectTests";
			sourceTree = "<group>";
		};
		D969C4962B3EF77500EAB1C8 /* MVVM-MovieProjectUITests */ = {
			isa = PBXGroup;
			children = (
				D969C4972B3EF77500EAB1C8 /* MVVM_MovieProjectUITests.swift */,
				D969C4992B3EF77500EAB1C8 /* MVVM_MovieProjectUITestsLaunchTests.swift */,
			);
			path = "MVVM-MovieProjectUITests";
			sourceTree = "<group>";
		};
		D969C4A62B3EFAB200EAB1C8 /* Utilities */ = {
			isa = PBXGroup;
			children = (
				D969C4AE2B3EFBF300EAB1C8 /* NetworkManager.swift */,
				D9BC899E2B4009980070B449 /* APIURLs.swift */,
				D9BC89A62B4030F00070B449 /* UIHelper.swift */,
				D91C14472B43F02F00E46D8D /* APIHeaders.swift */,
			);
			path = Utilities;
			sourceTree = "<group>";
		};
		D969C4A72B3EFAC200EAB1C8 /* Services */ = {
			isa = PBXGroup;
			children = (
				D9BC899A2B3FE31B0070B449 /* MovieService.swift */,
			);
			path = Services;
			sourceTree = "<group>";
		};
		D969C4A82B3EFAD400EAB1C8 /* Models */ = {
			isa = PBXGroup;
			children = (
				D9BC899C2B3FE74F0070B449 /* Movie.swift */,
			);
			path = Models;
			sourceTree = "<group>";
		};
		D969C4A92B3EFADE00EAB1C8 /* Core */ = {
			isa = PBXGroup;
			children = (
				D92DA0DE2B457C2A00BE144A /* DetailScreen */,
				D969C4AB2B3EFB0200EAB1C8 /* HomeScreen */,
				D969C4AA2B3EFAF100EAB1C8 /* Components */,
			);
			path = Core;
			sourceTree = "<group>";
		};
		D969C4AA2B3EFAF100EAB1C8 /* Components */ = {
			isa = PBXGroup;
			children = (
				D9BC89AA2B4047A40070B449 /* MovieCell.swift */,
				D91C14492B440A4700E46D8D /* PosterImageView.swift */,
			);
			path = Components;
			sourceTree = "<group>";
		};
		D969C4AB2B3EFB0200EAB1C8 /* HomeScreen */ = {
			isa = PBXGroup;
			children = (
				D969C4AC2B3EFB6E00EAB1C8 /* HomeScreen.swift */,
				D9BC89A02B400B5F0070B449 /* HomeViewModel.swift */,
			);
			path = HomeScreen;
			sourceTree = "<group>";
		};
		D9BC89A22B401E020070B449 /* Extensions */ = {
			isa = PBXGroup;
			children = (
				D9BC89A42B401E6C0070B449 /* UIView+Ext.swift */,
				D9BC89A82B40345B0070B449 /* CGFloat+Ext.swift */,
				D92DA0D92B45673100BE144A /* UICollectionView.swift */,
			);
			path = Extensions;
			sourceTree = "<group>";
		};
/* End PBXGroup section */

/* Begin PBXNativeTarget section */
		D969C4722B3EF77200EAB1C8 /* MVVM-MovieProject */ = {
			isa = PBXNativeTarget;
			buildConfigurationList = D969C49D2B3EF77500EAB1C8 /* Build configuration list for PBXNativeTarget "MVVM-MovieProject" */;
			buildPhases = (
				D969C46F2B3EF77200EAB1C8 /* Sources */,
				D969C4702B3EF77200EAB1C8 /* Frameworks */,
				D969C4712B3EF77200EAB1C8 /* Resources */,
			);
			buildRules = (
			);
			dependencies = (
			);
			name = "MVVM-MovieProject";
			productName = "MVVM-MovieProject";
			productReference = D969C4732B3EF77200EAB1C8 /* MVVM-MovieProject.app */;
			productType = "com.apple.product-type.application";
		};
		D969C4882B3EF77500EAB1C8 /* MVVM-MovieProjectTests */ = {
			isa = PBXNativeTarget;
			buildConfigurationList = D969C4A02B3EF77500EAB1C8 /* Build configuration list for PBXNativeTarget "MVVM-MovieProjectTests" */;
			buildPhases = (
				D969C4852B3EF77500EAB1C8 /* Sources */,
				D969C4862B3EF77500EAB1C8 /* Frameworks */,
				D969C4872B3EF77500EAB1C8 /* Resources */,
			);
			buildRules = (
			);
			dependencies = (
				D969C48B2B3EF77500EAB1C8 /* PBXTargetDependency */,
			);
			name = "MVVM-MovieProjectTests";
			productName = "MVVM-MovieProjectTests";
			productReference = D969C4892B3EF77500EAB1C8 /* MVVM-MovieProjectTests.xctest */;
			productType = "com.apple.product-type.bundle.unit-test";
		};
		D969C4922B3EF77500EAB1C8 /* MVVM-MovieProjectUITests */ = {
			isa = PBXNativeTarget;
			buildConfigurationList = D969C4A32B3EF77500EAB1C8 /* Build configuration list for PBXNativeTarget "MVVM-MovieProjectUITests" */;
			buildPhases = (
				D969C48F2B3EF77500EAB1C8 /* Sources */,
				D969C4902B3EF77500EAB1C8 /* Frameworks */,
				D969C4912B3EF77500EAB1C8 /* Resources */,
			);
			buildRules = (
			);
			dependencies = (
				D969C4952B3EF77500EAB1C8 /* PBXTargetDependency */,
			);
			name = "MVVM-MovieProjectUITests";
			productName = "MVVM-MovieProjectUITests";
			productReference = D969C4932B3EF77500EAB1C8 /* MVVM-MovieProjectUITests.xctest */;
			productType = "com.apple.product-type.bundle.ui-testing";
		};
/* End PBXNativeTarget section */

/* Begin PBXProject section */
		D969C46B2B3EF77200EAB1C8 /* Project object */ = {
			isa = PBXProject;
			attributes = {
				BuildIndependentTargetsInParallel = 1;
				LastSwiftUpdateCheck = 1510;
				LastUpgradeCheck = 1510;
				TargetAttributes = {
					D969C4722B3EF77200EAB1C8 = {
						CreatedOnToolsVersion = 15.1;
					};
					D969C4882B3EF77500EAB1C8 = {
						CreatedOnToolsVersion = 15.1;
						TestTargetID = D969C4722B3EF77200EAB1C8;
					};
					D969C4922B3EF77500EAB1C8 = {
						CreatedOnToolsVersion = 15.1;
						TestTargetID = D969C4722B3EF77200EAB1C8;
					};
				};
			};
			buildConfigurationList = D969C46E2B3EF77200EAB1C8 /* Build configuration list for PBXProject "MVVM-MovieProject" */;
			compatibilityVersion = "Xcode 14.0";
			developmentRegion = en;
			hasScannedForEncodings = 0;
			knownRegions = (
				en,
				Base,
			);
			mainGroup = D969C46A2B3EF77200EAB1C8;
			productRefGroup = D969C4742B3EF77200EAB1C8 /* Products */;
			projectDirPath = "";
			projectRoot = "";
			targets = (
				D969C4722B3EF77200EAB1C8 /* MVVM-MovieProject */,
				D969C4882B3EF77500EAB1C8 /* MVVM-MovieProjectTests */,
				D969C4922B3EF77500EAB1C8 /* MVVM-MovieProjectUITests */,
			);
		};
/* End PBXProject section */

/* Begin PBXResourcesBuildPhase section */
		D969C4712B3EF77200EAB1C8 /* Resources */ = {
			isa = PBXResourcesBuildPhase;
			buildActionMask = 2147483647;
			files = (
				D969C4832B3EF77400EAB1C8 /* LaunchScreen.storyboard in Resources */,
				D969C4802B3EF77400EAB1C8 /* Assets.xcassets in Resources */,
			);
			runOnlyForDeploymentPostprocessing = 0;
		};
		D969C4872B3EF77500EAB1C8 /* Resources */ = {
			isa = PBXResourcesBuildPhase;
			buildActionMask = 2147483647;
			files = (
			);
			runOnlyForDeploymentPostprocessing = 0;
		};
		D969C4912B3EF77500EAB1C8 /* Resources */ = {
			isa = PBXResourcesBuildPhase;
			buildActionMask = 2147483647;
			files = (
			);
			runOnlyForDeploymentPostprocessing = 0;
		};
/* End PBXResourcesBuildPhase section */

/* Begin PBXSourcesBuildPhase section */
		D969C46F2B3EF77200EAB1C8 /* Sources */ = {
			isa = PBXSourcesBuildPhase;
			buildActionMask = 2147483647;
			files = (
				D92DA0E02B4582EB00BE144A /* DetailViewModel.swift in Sources */,
				D92DA0DD2B457C1D00BE144A /* DetailScreen.swift in Sources */,
				D92DA0DA2B45673100BE144A /* UICollectionView.swift in Sources */,
				D969C4AF2B3EFBF300EAB1C8 /* NetworkManager.swift in Sources */,
				D969C4772B3EF77200EAB1C8 /* AppDelegate.swift in Sources */,
				D9BC89AB2B4047A40070B449 /* MovieCell.swift in Sources */,
				D9BC89A92B40345B0070B449 /* CGFloat+Ext.swift in Sources */,
				D9BC899D2B3FE74F0070B449 /* Movie.swift in Sources */,
				D91C144A2B440A4700E46D8D /* PosterImageView.swift in Sources */,
				D9BC89A72B4030F00070B449 /* UIHelper.swift in Sources */,
				D9BC89A12B400B5F0070B449 /* HomeViewModel.swift in Sources */,
				D969C4792B3EF77200EAB1C8 /* SceneDelegate.swift in Sources */,
				D9BC89A52B401E6C0070B449 /* UIView+Ext.swift in Sources */,
				D91C14482B43F02F00E46D8D /* APIHeaders.swift in Sources */,
				D9BC899F2B4009980070B449 /* APIURLs.swift in Sources */,
				D969C4AD2B3EFB6E00EAB1C8 /* HomeScreen.swift in Sources */,
				D9BC899B2B3FE31B0070B449 /* MovieService.swift in Sources */,
			);
			runOnlyForDeploymentPostprocessing = 0;
		};
		D969C4852B3EF77500EAB1C8 /* Sources */ = {
			isa = PBXSourcesBuildPhase;
			buildActionMask = 2147483647;
			files = (
				D969C48E2B3EF77500EAB1C8 /* MVVM_MovieProjectTests.swift in Sources */,
			);
			runOnlyForDeploymentPostprocessing = 0;
		};
		D969C48F2B3EF77500EAB1C8 /* Sources */ = {
			isa = PBXSourcesBuildPhase;
			buildActionMask = 2147483647;
			files = (
				D969C4982B3EF77500EAB1C8 /* MVVM_MovieProjectUITests.swift in Sources */,
				D969C49A2B3EF77500EAB1C8 /* MVVM_MovieProjectUITestsLaunchTests.swift in Sources */,
			);
			runOnlyForDeploymentPostprocessing = 0;
		};
/* End PBXSourcesBuildPhase section */

/* Begin PBXTargetDependency section */
		D969C48B2B3EF77500EAB1C8 /* PBXTargetDependency */ = {
			isa = PBXTargetDependency;
			target = D969C4722B3EF77200EAB1C8 /* MVVM-MovieProject */;
			targetProxy = D969C48A2B3EF77500EAB1C8 /* PBXContainerItemProxy */;
		};
		D969C4952B3EF77500EAB1C8 /* PBXTargetDependency */ = {
			isa = PBXTargetDependency;
			target = D969C4722B3EF77200EAB1C8 /* MVVM-MovieProject */;
			targetProxy = D969C4942B3EF77500EAB1C8 /* PBXContainerItemProxy */;
		};
/* End PBXTargetDependency section */

/* Begin PBXVariantGroup section */
		D969C4812B3EF77400EAB1C8 /* LaunchScreen.storyboard */ = {
			isa = PBXVariantGroup;
			children = (
				D969C4822B3EF77400EAB1C8 /* Base */,
			);
			name = LaunchScreen.storyboard;
			sourceTree = "<group>";
		};
/* End PBXVariantGroup section */

/* Begin XCBuildConfiguration section */
		D969C49B2B3EF77500EAB1C8 /* Debug */ = {
			isa = XCBuildConfiguration;
			buildSettings = {
				ALWAYS_SEARCH_USER_PATHS = NO;
				ASSETCATALOG_COMPILER_GENERATE_SWIFT_ASSET_SYMBOL_EXTENSIONS = YES;
				CLANG_ANALYZER_NONNULL = YES;
				CLANG_ANALYZER_NUMBER_OBJECT_CONVERSION = YES_AGGRESSIVE;
				CLANG_CXX_LANGUAGE_STANDARD = "gnu++20";
				CLANG_ENABLE_MODULES = YES;
				CLANG_ENABLE_OBJC_ARC = YES;
				CLANG_ENABLE_OBJC_WEAK = YES;
				CLANG_WARN_BLOCK_CAPTURE_AUTORELEASING = YES;
				CLANG_WARN_BOOL_CONVERSION = YES;
				CLANG_WARN_COMMA = YES;
				CLANG_WARN_CONSTANT_CONVERSION = YES;
				CLANG_WARN_DEPRECATED_OBJC_IMPLEMENTATIONS = YES;
				CLANG_WARN_DIRECT_OBJC_ISA_USAGE = YES_ERROR;
				CLANG_WARN_DOCUMENTATION_COMMENTS = YES;
				CLANG_WARN_EMPTY_BODY = YES;
				CLANG_WARN_ENUM_CONVERSION = YES;
				CLANG_WARN_INFINITE_RECURSION = YES;
				CLANG_WARN_INT_CONVERSION = YES;
				CLANG_WARN_NON_LITERAL_NULL_CONVERSION = YES;
				CLANG_WARN_OBJC_IMPLICIT_RETAIN_SELF = YES;
				CLANG_WARN_OBJC_LITERAL_CONVERSION = YES;
				CLANG_WARN_OBJC_ROOT_CLASS = YES_ERROR;
				CLANG_WARN_QUOTED_INCLUDE_IN_FRAMEWORK_HEADER = YES;
				CLANG_WARN_RANGE_LOOP_ANALYSIS = YES;
				CLANG_WARN_STRICT_PROTOTYPES = YES;
				CLANG_WARN_SUSPICIOUS_MOVE = YES;
				CLANG_WARN_UNGUARDED_AVAILABILITY = YES_AGGRESSIVE;
				CLANG_WARN_UNREACHABLE_CODE = YES;
				CLANG_WARN__DUPLICATE_METHOD_MATCH = YES;
				COPY_PHASE_STRIP = NO;
				DEBUG_INFORMATION_FORMAT = dwarf;
				ENABLE_STRICT_OBJC_MSGSEND = YES;
				ENABLE_TESTABILITY = YES;
				ENABLE_USER_SCRIPT_SANDBOXING = YES;
				GCC_C_LANGUAGE_STANDARD = gnu17;
				GCC_DYNAMIC_NO_PIC = NO;
				GCC_NO_COMMON_BLOCKS = YES;
				GCC_OPTIMIZATION_LEVEL = 0;
				GCC_PREPROCESSOR_DEFINITIONS = (
					"DEBUG=1",
					"$(inherited)",
				);
				GCC_WARN_64_TO_32_BIT_CONVERSION = YES;
				GCC_WARN_ABOUT_RETURN_TYPE = YES_ERROR;
				GCC_WARN_UNDECLARED_SELECTOR = YES;
				GCC_WARN_UNINITIALIZED_AUTOS = YES_AGGRESSIVE;
				GCC_WARN_UNUSED_FUNCTION = YES;
				GCC_WARN_UNUSED_VARIABLE = YES;
				IPHONEOS_DEPLOYMENT_TARGET = 17.2;
				LOCALIZATION_PREFERS_STRING_CATALOGS = YES;
				MTL_ENABLE_DEBUG_INFO = INCLUDE_SOURCE;
				MTL_FAST_MATH = YES;
				ONLY_ACTIVE_ARCH = YES;
				SDKROOT = iphoneos;
				SWIFT_ACTIVE_COMPILATION_CONDITIONS = "DEBUG $(inherited)";
				SWIFT_OPTIMIZATION_LEVEL = "-Onone";
			};
			name = Debug;
		};
		D969C49C2B3EF77500EAB1C8 /* Release */ = {
			isa = XCBuildConfiguration;
			buildSettings = {
				ALWAYS_SEARCH_USER_PATHS = NO;
				ASSETCATALOG_COMPILER_GENERATE_SWIFT_ASSET_SYMBOL_EXTENSIONS = YES;
				CLANG_ANALYZER_NONNULL = YES;
				CLANG_ANALYZER_NUMBER_OBJECT_CONVERSION = YES_AGGRESSIVE;
				CLANG_CXX_LANGUAGE_STANDARD = "gnu++20";
				CLANG_ENABLE_MODULES = YES;
				CLANG_ENABLE_OBJC_ARC = YES;
				CLANG_ENABLE_OBJC_WEAK = YES;
				CLANG_WARN_BLOCK_CAPTURE_AUTORELEASING = YES;
				CLANG_WARN_BOOL_CONVERSION = YES;
				CLANG_WARN_COMMA = YES;
				CLANG_WARN_CONSTANT_CONVERSION = YES;
				CLANG_WARN_DEPRECATED_OBJC_IMPLEMENTATIONS = YES;
				CLANG_WARN_DIRECT_OBJC_ISA_USAGE = YES_ERROR;
				CLANG_WARN_DOCUMENTATION_COMMENTS = YES;
				CLANG_WARN_EMPTY_BODY = YES;
				CLANG_WARN_ENUM_CONVERSION = YES;
				CLANG_WARN_INFINITE_RECURSION = YES;
				CLANG_WARN_INT_CONVERSION = YES;
				CLANG_WARN_NON_LITERAL_NULL_CONVERSION = YES;
				CLANG_WARN_OBJC_IMPLICIT_RETAIN_SELF = YES;
				CLANG_WARN_OBJC_LITERAL_CONVERSION = YES;
				CLANG_WARN_OBJC_ROOT_CLASS = YES_ERROR;
				CLANG_WARN_QUOTED_INCLUDE_IN_FRAMEWORK_HEADER = YES;
				CLANG_WARN_RANGE_LOOP_ANALYSIS = YES;
				CLANG_WARN_STRICT_PROTOTYPES = YES;
				CLANG_WARN_SUSPICIOUS_MOVE = YES;
				CLANG_WARN_UNGUARDED_AVAILABILITY = YES_AGGRESSIVE;
				CLANG_WARN_UNREACHABLE_CODE = YES;
				CLANG_WARN__DUPLICATE_METHOD_MATCH = YES;
				COPY_PHASE_STRIP = NO;
				DEBUG_INFORMATION_FORMAT = "dwarf-with-dsym";
				ENABLE_NS_ASSERTIONS = NO;
				ENABLE_STRICT_OBJC_MSGSEND = YES;
				ENABLE_USER_SCRIPT_SANDBOXING = YES;
				GCC_C_LANGUAGE_STANDARD = gnu17;
				GCC_NO_COMMON_BLOCKS = YES;
				GCC_WARN_64_TO_32_BIT_CONVERSION = YES;
				GCC_WARN_ABOUT_RETURN_TYPE = YES_ERROR;
				GCC_WARN_UNDECLARED_SELECTOR = YES;
				GCC_WARN_UNINITIALIZED_AUTOS = YES_AGGRESSIVE;
				GCC_WARN_UNUSED_FUNCTION = YES;
				GCC_WARN_UNUSED_VARIABLE = YES;
				IPHONEOS_DEPLOYMENT_TARGET = 17.2;
				LOCALIZATION_PREFERS_STRING_CATALOGS = YES;
				MTL_ENABLE_DEBUG_INFO = NO;
				MTL_FAST_MATH = YES;
				SDKROOT = iphoneos;
				SWIFT_COMPILATION_MODE = wholemodule;
				VALIDATE_PRODUCT = YES;
			};
			name = Release;
		};
		D969C49E2B3EF77500EAB1C8 /* Debug */ = {
			isa = XCBuildConfiguration;
			buildSettings = {
				ASSETCATALOG_COMPILER_APPICON_NAME = AppIcon;
				ASSETCATALOG_COMPILER_GLOBAL_ACCENT_COLOR_NAME = AccentColor;
				CODE_SIGN_STYLE = Automatic;
				CURRENT_PROJECT_VERSION = 1;
				DEVELOPMENT_TEAM = WW87US5ASC;
				GENERATE_INFOPLIST_FILE = YES;
				INFOPLIST_FILE = "MVVM-MovieProject/Info.plist";
				INFOPLIST_KEY_UIApplicationSupportsIndirectInputEvents = YES;
				INFOPLIST_KEY_UILaunchStoryboardName = LaunchScreen;
				INFOPLIST_KEY_UIMainStoryboardFile = "";
				INFOPLIST_KEY_UIStatusBarStyle = "";
				INFOPLIST_KEY_UISupportedInterfaceOrientations_iPad = "UIInterfaceOrientationPortrait UIInterfaceOrientationPortraitUpsideDown UIInterfaceOrientationLandscapeLeft UIInterfaceOrientationLandscapeRight";
				INFOPLIST_KEY_UISupportedInterfaceOrientations_iPhone = "UIInterfaceOrientationPortrait UIInterfaceOrientationLandscapeLeft UIInterfaceOrientationLandscapeRight";
				LD_RUNPATH_SEARCH_PATHS = (
					"$(inherited)",
					"@executable_path/Frameworks",
				);
				MARKETING_VERSION = 1.0;
				PRODUCT_BUNDLE_IDENTIFIER = "com.yasinkabak.MVVM-MovieProject";
				PRODUCT_NAME = "$(TARGET_NAME)";
				SWIFT_EMIT_LOC_STRINGS = YES;
				SWIFT_VERSION = 5.0;
				TARGETED_DEVICE_FAMILY = "1,2";
			};
			name = Debug;
		};
		D969C49F2B3EF77500EAB1C8 /* Release */ = {
			isa = XCBuildConfiguration;
			buildSettings = {
				ASSETCATALOG_COMPILER_APPICON_NAME = AppIcon;
				ASSETCATALOG_COMPILER_GLOBAL_ACCENT_COLOR_NAME = AccentColor;
				CODE_SIGN_STYLE = Automatic;
				CURRENT_PROJECT_VERSION = 1;
				DEVELOPMENT_TEAM = WW87US5ASC;
				GENERATE_INFOPLIST_FILE = YES;
				INFOPLIST_FILE = "MVVM-MovieProject/Info.plist";
				INFOPLIST_KEY_UIApplicationSupportsIndirectInputEvents = YES;
				INFOPLIST_KEY_UILaunchStoryboardName = LaunchScreen;
				INFOPLIST_KEY_UIMainStoryboardFile = "";
				INFOPLIST_KEY_UIStatusBarStyle = "";
				INFOPLIST_KEY_UISupportedInterfaceOrientations_iPad = "UIInterfaceOrientationPortrait UIInterfaceOrientationPortraitUpsideDown UIInterfaceOrientationLandscapeLeft UIInterfaceOrientationLandscapeRight";
				INFOPLIST_KEY_UISupportedInterfaceOrientations_iPhone = "UIInterfaceOrientationPortrait UIInterfaceOrientationLandscapeLeft UIInterfaceOrientationLandscapeRight";
				LD_RUNPATH_SEARCH_PATHS = (
					"$(inherited)",
					"@executable_path/Frameworks",
				);
				MARKETING_VERSION = 1.0;
				PRODUCT_BUNDLE_IDENTIFIER = "com.yasinkabak.MVVM-MovieProject";
				PRODUCT_NAME = "$(TARGET_NAME)";
				SWIFT_EMIT_LOC_STRINGS = YES;
				SWIFT_VERSION = 5.0;
				TARGETED_DEVICE_FAMILY = "1,2";
			};
			name = Release;
		};
		D969C4A12B3EF77500EAB1C8 /* Debug */ = {
			isa = XCBuildConfiguration;
			buildSettings = {
				ALWAYS_EMBED_SWIFT_STANDARD_LIBRARIES = YES;
				BUNDLE_LOADER = "$(TEST_HOST)";
				CODE_SIGN_STYLE = Automatic;
				CURRENT_PROJECT_VERSION = 1;
				DEVELOPMENT_TEAM = WW87US5ASC;
				GENERATE_INFOPLIST_FILE = YES;
				IPHONEOS_DEPLOYMENT_TARGET = 17.2;
				MARKETING_VERSION = 1.0;
				PRODUCT_BUNDLE_IDENTIFIER = "com.yasinkabak.MVVM-MovieProjectTests";
				PRODUCT_NAME = "$(TARGET_NAME)";
				SWIFT_EMIT_LOC_STRINGS = NO;
				SWIFT_VERSION = 5.0;
				TARGETED_DEVICE_FAMILY = "1,2";
				TEST_HOST = "$(BUILT_PRODUCTS_DIR)/MVVM-MovieProject.app/$(BUNDLE_EXECUTABLE_FOLDER_PATH)/MVVM-MovieProject";
			};
			name = Debug;
		};
		D969C4A22B3EF77500EAB1C8 /* Release */ = {
			isa = XCBuildConfiguration;
			buildSettings = {
				ALWAYS_EMBED_SWIFT_STANDARD_LIBRARIES = YES;
				BUNDLE_LOADER = "$(TEST_HOST)";
				CODE_SIGN_STYLE = Automatic;
				CURRENT_PROJECT_VERSION = 1;
				DEVELOPMENT_TEAM = WW87US5ASC;
				GENERATE_INFOPLIST_FILE = YES;
				IPHONEOS_DEPLOYMENT_TARGET = 17.2;
				MARKETING_VERSION = 1.0;
				PRODUCT_BUNDLE_IDENTIFIER = "com.yasinkabak.MVVM-MovieProjectTests";
				PRODUCT_NAME = "$(TARGET_NAME)";
				SWIFT_EMIT_LOC_STRINGS = NO;
				SWIFT_VERSION = 5.0;
				TARGETED_DEVICE_FAMILY = "1,2";
				TEST_HOST = "$(BUILT_PRODUCTS_DIR)/MVVM-MovieProject.app/$(BUNDLE_EXECUTABLE_FOLDER_PATH)/MVVM-MovieProject";
			};
			name = Release;
		};
		D969C4A42B3EF77500EAB1C8 /* Debug */ = {
			isa = XCBuildConfiguration;
			buildSettings = {
				ALWAYS_EMBED_SWIFT_STANDARD_LIBRARIES = YES;
				CODE_SIGN_STYLE = Automatic;
				CURRENT_PROJECT_VERSION = 1;
				DEVELOPMENT_TEAM = WW87US5ASC;
				GENERATE_INFOPLIST_FILE = YES;
				MARKETING_VERSION = 1.0;
				PRODUCT_BUNDLE_IDENTIFIER = "com.yasinkabak.MVVM-MovieProjectUITests";
				PRODUCT_NAME = "$(TARGET_NAME)";
				SWIFT_EMIT_LOC_STRINGS = NO;
				SWIFT_VERSION = 5.0;
				TARGETED_DEVICE_FAMILY = "1,2";
				TEST_TARGET_NAME = "MVVM-MovieProject";
			};
			name = Debug;
		};
		D969C4A52B3EF77500EAB1C8 /* Release */ = {
			isa = XCBuildConfiguration;
			buildSettings = {
				ALWAYS_EMBED_SWIFT_STANDARD_LIBRARIES = YES;
				CODE_SIGN_STYLE = Automatic;
				CURRENT_PROJECT_VERSION = 1;
				DEVELOPMENT_TEAM = WW87US5ASC;
				GENERATE_INFOPLIST_FILE = YES;
				MARKETING_VERSION = 1.0;
				PRODUCT_BUNDLE_IDENTIFIER = "com.yasinkabak.MVVM-MovieProjectUITests";
				PRODUCT_NAME = "$(TARGET_NAME)";
				SWIFT_EMIT_LOC_STRINGS = NO;
				SWIFT_VERSION = 5.0;
				TARGETED_DEVICE_FAMILY = "1,2";
				TEST_TARGET_NAME = "MVVM-MovieProject";
			};
			name = Release;
		};
/* End XCBuildConfiguration section */

/* Begin XCConfigurationList section */
		D969C46E2B3EF77200EAB1C8 /* Build configuration list for PBXProject "MVVM-MovieProject" */ = {
			isa = XCConfigurationList;
			buildConfigurations = (
				D969C49B2B3EF77500EAB1C8 /* Debug */,
				D969C49C2B3EF77500EAB1C8 /* Release */,
			);
			defaultConfigurationIsVisible = 0;
			defaultConfigurationName = Release;
		};
		D969C49D2B3EF77500EAB1C8 /* Build configuration list for PBXNativeTarget "MVVM-MovieProject" */ = {
			isa = XCConfigurationList;
			buildConfigurations = (
				D969C49E2B3EF77500EAB1C8 /* Debug */,
				D969C49F2B3EF77500EAB1C8 /* Release */,
			);
			defaultConfigurationIsVisible = 0;
			defaultConfigurationName = Release;
		};
		D969C4A02B3EF77500EAB1C8 /* Build configuration list for PBXNativeTarget "MVVM-MovieProjectTests" */ = {
			isa = XCConfigurationList;
			buildConfigurations = (
				D969C4A12B3EF77500EAB1C8 /* Debug */,
				D969C4A22B3EF77500EAB1C8 /* Release */,
			);
			defaultConfigurationIsVisible = 0;
			defaultConfigurationName = Release;
		};
		D969C4A32B3EF77500EAB1C8 /* Build configuration list for PBXNativeTarget "MVVM-MovieProjectUITests" */ = {
			isa = XCConfigurationList;
			buildConfigurations = (
				D969C4A42B3EF77500EAB1C8 /* Debug */,
				D969C4A52B3EF77500EAB1C8 /* Release */,
			);
			defaultConfigurationIsVisible = 0;
			defaultConfigurationName = Release;
		};
/* End XCConfigurationList section */
	};
	rootObject = D969C46B2B3EF77200EAB1C8 /* Project object */;
}
